PODS:
  - HarryExtensionsCopy (0.1.0)

DEPENDENCIES:
  - HarryExtensionsCopy (from `../`)

EXTERNAL SOURCES:
  HarryExtensionsCopy:
    :path: "../"

SPEC CHECKSUMS:
  HarryExtensionsCopy: d29e12d36b0929e7b8615f5feafbaf997c522490

PODFILE CHECKSUM: 6a16e1025c4b2202f6873c8f4b7f663452219f2e

COCOAPODS: 1.11.2
