PODS:
  - HarryExtensionsCopy (0.1.0)

DEPENDENCIES:
  - HarryExtensionsCopy (from `../`)

EXTERNAL SOURCES:
  HarryExtensionsCopy:
    :path: "../"

SPEC CHECKSUMS:
  HarryExtensionsCopy: 25997820902ff29812689058cdbee4858c3a894f

PODFILE CHECKSUM: 6a16e1025c4b2202f6873c8f4b7f663452219f2e

COCOAPODS: 1.11.2
